
Microsoft Visual Studio Solution File, Format Version 12.00
# Visual Studio Version 16
VisualStudioVersion = 16.0.31729.503
MinimumVisualStudioVersion = 10.0.40219.1
Project("{FAE04EC0-301F-11D3-BF4B-00C04F79EFBC}") = "HrMan", "HrMan.csproj", "{E923D1E5-7B11-4F34-B791-ABB75D8DBF78}"
EndProject
Global
	GlobalSection(SolutionConfigurationPlatforms) = preSolution
		Debug|Any CPU = Debug|Any CPU
		Release|Any CPU = Release|Any CPU
	EndGlobalSection
	GlobalSection(ProjectConfigurationPlatforms) = postSolution
		{E923D1E5-7B11-4F34-B791-ABB75D8DBF78}.Debug|Any CPU.ActiveCfg = Debug|Any CPU
		{E923D1E5-7B11-4F34-B791-ABB75D8DBF78}.Debug|Any CPU.Build.0 = Debug|Any CPU
		{E923D1E5-7B11-4F34-B791-ABB75D8DBF78}.Release|Any CPU.ActiveCfg = Release|Any CPU
		{E923D1E5-7B11-4F34-B791-ABB75D8DBF78}.Release|Any CPU.Build.0 = Release|Any CPU
	EndGlobalSection
	GlobalSection(SolutionProperties) = preSolution
		HideSolutionNode = FALSE
	EndGlobalSection
	GlobalSection(ExtensibilityGlobals) = postSolution
		SolutionGuid = {DB6EB139-6BD3-45D6-BFEF-43296A74E343}
	EndGlobalSection
EndGlobal
